
Microsoft Visual Studio Solution File, Format Version 12.00
# Visual Studio Version 16
VisualStudioVersion = 16.0.29025.244
MinimumVisualStudioVersion = 10.0.40219.1
Project("{FAE04EC0-301F-11D3-BF4B-00C04F79EFBC}") = "SRFNprojectJULY2019proj", "SRFNprojectJULY2019proj.csproj", "{9DBB7911-87DE-4E25-90C6-55B1D5070641}"
EndProject
Global
	GlobalSection(SolutionConfigurationPlatforms) = preSolution
		Debug|Any CPU = Debug|Any CPU
		Release|Any CPU = Release|Any CPU
	EndGlobalSection
	GlobalSection(ProjectConfigurationPlatforms) = postSolution
		{9DBB7911-87DE-4E25-90C6-55B1D5070641}.Debug|Any CPU.ActiveCfg = Debug|Any CPU
		{9DBB7911-87DE-4E25-90C6-55B1D5070641}.Debug|Any CPU.Build.0 = Debug|Any CPU
		{9DBB7911-87DE-4E25-90C6-55B1D5070641}.Release|Any CPU.ActiveCfg = Release|Any CPU
		{9DBB7911-87DE-4E25-90C6-55B1D5070641}.Release|Any CPU.Build.0 = Release|Any CPU
	EndGlobalSection
	GlobalSection(SolutionProperties) = preSolution
		HideSolutionNode = FALSE
	EndGlobalSection
	GlobalSection(ExtensibilityGlobals) = postSolution
		SolutionGuid = {1AB25B0F-750F-4E12-9235-BEC4D62F58BC}
	EndGlobalSection
EndGlobal
